
Microsoft Visual Studio Solution File, Format Version 11.00
# Visual Studio 2010
Project("{8BC9CEB8-8B4A-11D0-8D11-00A0C91BC942}") = "cs314 p1", "cs314 p1.vcxproj", "{D82891F0-AF96-FE89-9426-51B2E139ADB1}"
EndProject
Global
	GlobalSection(SolutionConfigurationPlatforms) = preSolution
		Debug|Win32 = Debug|Win32
		Release|Win32 = Release|Win32
	EndGlobalSection
	GlobalSection(ProjectConfigurationPlatforms) = postSolution
		{D82891F0-AF96-FE89-9426-51B2E139ADB1}.Debug|Win32.ActiveCfg = Debug|Win32
		{D82891F0-AF96-FE89-9426-51B2E139ADB1}.Debug|Win32.Build.0 = Debug|Win32
		{D82891F0-AF96-FE89-9426-51B2E139ADB1}.Release|Win32.ActiveCfg = Release|Win32
		{D82891F0-AF96-FE89-9426-51B2E139ADB1}.Release|Win32.Build.0 = Release|Win32
	EndGlobalSection
	GlobalSection(SolutionProperties) = preSolution
		HideSolutionNode = FALSE
	EndGlobalSection
EndGlobal
